version = 1
revision = 3
requires-python = ">=3.11"

[[package]]
name = "colorama"
version = "0.4.6"
source = { registry = "https://pypi.org/simple" }
sdist = { url = "https://files.pythonhosted.org/packages/d8/53/6f443c9a4a8358a93a6792e2acffb9d9d5cb0a5cfd8802644b7b1c9a02e4/colorama-0.4.6.tar.gz", hash = "sha256:08695f5cb7ed6e0531a20572697297273c47b8cae5a63ffc6d6ed5c201be6e44", size = 27697, upload-time = "2022-10-25T02:36:22.414Z" }
wheels = [
    { url = "https://files.pythonhosted.org/packages/d1/d6/3965ed04c63042e047cb6a3e6ed1a63a35087b6a609aa3a15ed8ac56c221/colorama-0.4.6-py2.py3-none-any.whl", hash = "sha256:4f1d9991f5acc0ca119f9d443620b77f9d6b33703e51011c16baf57afb285fc6", size = 25335, upload-time = "2022-10-25T02:36:20.889Z" },
]

[[package]]
name = "iniconfig"
version = "2.3.0"
source = { registry = "https://pypi.org/simple" }
sdist = { url = "https://files.pythonhosted.org/packages/72/34/14ca021ce8e5dfedc35312d08ba8bf51fdd999c576889fc2c24cb97f4f10/iniconfig-2.3.0.tar.gz", hash = "sha256:c76315c77db068650d49c5b56314774a7804df16fee4402c1f19d6d15d8c4730", size = 20503, upload-time = "2025-10-18T21:55:43.219Z" }
wheels = [
    { url = "https://files.pythonhosted.org/packages/cb/b1/3846dd7f199d53cb17f49cba7e651e9ce294d8497c8c150530ed11865bb8/iniconfig-2.3.0-py3-none-any.whl", hash = "sha256:f631c04d2c48c52b84d0d0549c99ff3859c98df65b3101406327ecc7d53fbf12", size = 7484, upload-time = "2025-10-18T21:55:41.639Z" },
]

[[package]]
name = "libsql-experimental"
version = "0.0.55"
source = { registry = "https://pypi.org/simple" }
sdist = { url = "https://files.pythonhosted.org/packages/53/14/d3eb81673e2096f38eb48f08e38b447f6f2fdc37a50bdb1810d4a225a7aa/libsql_experimental-0.0.55.tar.gz", hash = "sha256:34df13ad6da446e4ccede9b3803af40684da399c8f304848b54ea37e7111b249", size = 31954, upload-time = "2025-06-09T07:26:48.682Z" }
wheels = [
    { url = "https://files.pythonhosted.org/packages/86/5d/27315a4287356d9d859e7702dda54146a560581f973f3efb6c65515ca7ad/libsql_experimental-0.0.55-cp311-cp311-macosx_10_12_x86_64.whl", hash = "sha256:213a0fb80117e5946f16cfc5e4d99fc961829bdb6ded3121ba94516a327d7b79", size = 4874679, upload-time = "2025-06-09T07:26:26.989Z" },
    { url = "https://files.pythonhosted.org/packages/e9/ed/72132173b149933d539f00cd308d036d9de526db2dcb844912b9e7869101/libsql_experimental-0.0.55-cp311-cp311-macosx_11_0_arm64.whl", hash = "sha256:c858f49a3270127f4f9e7b5835dde3e89c5df8eed375c9f17afd13d9d5723ed5", size = 4653222, upload-time = "2025-06-09T07:26:29.34Z" },
    { url = "https://files.pythonhosted.org/packages/8f/e6/186db46aedf96edab9392c9a72e4e5e965616620e9c82efe0832c5a081bd/libsql_experimental-0.0.55-cp311-cp311-manylinux_2_17_x86_64.manylinux2014_x86_64.whl", hash = "sha256:dacab03d6579c228e502833c30597af6a6d6b399d50debb482fc87e3b199e513", size = 5270078, upload-time = "2025-06-09T07:26:30.778Z" },
    { url = "https://files.pythonhosted.org/packages/25/28/72e3bea3d9f28fbabcf11648d791f1f20fe42c288f58afdfbd978bd5500e/libsql_experimental-0.0.55-cp312-cp312-macosx_10_12_x86_64.whl", hash = "sha256:cffb9cd0c4bb39b37a5060ad492516c921ecbcc17ca7baa62c791d6753aa155b", size = 4881247, upload-time = "2025-06-09T07:26:32.335Z" },
    { url = "https://files.pythonhosted.org/packages/17/ed/479f0908ccfdf1ccace798aac65480cb9514737fb37757daae0036ae6c7d/libsql_experimental-0.0.55-cp312-cp312-macosx_11_0_arm64.whl", hash = "sha256:50312e354e739676885a9ea4000365538f3cec914d6b508a2206c3d33bea93a3", size = 4656349, upload-time = "2025-06-09T07:26:34.217Z" },
    { url = "https://files.pythonhosted.org/packages/69/32/d84a47c7ab5332247be52065aaa6b22e4baae969b33af8daa99fb1a317bf/libsql_experimental-0.0.55-cp312-cp312-manylinux_2_17_x86_64.manylinux2014_x86_64.whl", hash = "sha256:60d018dbad48f98ddee49d211618ab6309d4fa2a51beb8d9076de184d1cae9da", size = 5273739, upload-time = "2025-06-09T07:26:35.913Z" },
    { url = "https://files.pythonhosted.org/packages/a0/9f/3589b9590ba948922bd200a02d754fa29e739da81a2953367e9283667a16/libsql_experimental-0.0.55-cp313-cp313-macosx_10_12_x86_64.whl", hash = "sha256:f3bfd7af2ca9d1ff8f8c7f7fce5f1a650bfe53c23b45658253480fe287283bae", size = 4881245, upload-time = "2025-06-09T07:26:37.382Z" },
    { url = "https://files.pythonhosted.org/packages/37/cf/4aead944cb90f82ab1b61edc78dbe893420e8c4ceee19e1fdae775b1273d/libsql_experimental-0.0.55-cp313-cp313-macosx_11_0_arm64.whl", hash = "sha256:b3476a78edb8f59aa6c571d6def1840fff8d263eb4bbc4b26b2afd7400cb9ba2", size = 4656348, upload-time = "2025-06-09T07:26:39.04Z" },
    { url = "https://files.pythonhosted.org/packages/70/73/134dc2db0c3805f62953c85778bf93ac2f4a5ad81d49e592be990b012711/libsql_experimental-0.0.55-cp313-cp313-manylinux_2_17_x86_64.manylinux2014_x86_64.whl", hash = "sha256:7a5dd325f87425546e0a7f0d460d4b6e1852bc4d4194a7b5ad127614ef8b3b10", size = 5273740, upload-time = "2025-06-09T07:26:40.597Z" },
    { url = "https://files.pythonhosted.org/packages/a3/72/d958df309c1cf3baa816eb323dd49dbb0cb91b1cf0e29beea13aa1ade637/libsql_experimental-0.0.55-pp311-pypy311_pp73-manylinux_2_17_x86_64.manylinux2014_x86_64.whl", hash = "sha256:f12fdddea8987572e44eda7eef8f2ed7377c42ea43386bccaae43d001116bbc1", size = 5268646, upload-time = "2025-06-09T07:26:47.407Z" },
]

[[package]]
name = "packaging"
version = "26.2"
source = { registry = "https://pypi.org/simple" }
sdist = { url = "https://files.pythonhosted.org/packages/d7/f1/e7a6dd94a8d4a5626c03e4e99c87f241ba9e350cd9e6d75123f992427270/packaging-26.2.tar.gz", hash = "sha256:ff452ff5a3e828ce110190feff1178bb1f2ea2281fa2075aadb987c2fb221661", size = 228134, upload-time = "2026-04-24T20:15:23.917Z" }
wheels = [
    { url = "https://files.pythonhosted.org/packages/df/b2/87e62e8c3e2f4b32e5fe99e0b86d576da1312593b39f47d8ceef365e95ed/packaging-26.2-py3-none-any.whl", hash = "sha256:5fc45236b9446107ff2415ce77c807cee2862cb6fac22b8a73826d0693b0980e", size = 100195, upload-time = "2026-04-24T20:15:22.081Z" },
]

[[package]]
name = "pluggy"
version = "1.6.0"
source = { registry = "https://pypi.org/simple" }
sdist = { url = "https://files.pythonhosted.org/packages/f9/e2/3e91f31a7d2b083fe6ef3fa267035b518369d9511ffab804f839851d2779/pluggy-1.6.0.tar.gz", hash = "sha256:7dcc130b76258d33b90f61b658791dede3486c3e6bfb003ee5c9bfb396dd22f3", size = 69412, upload-time = "2025-05-15T12:30:07.975Z" }
wheels = [
    { url = "https://files.pythonhosted.org/packages/54/20/4d324d65cc6d9205fabedc306948156824eb9f0ee1633355a8f7ec5c66bf/pluggy-1.6.0-py3-none-any.whl", hash = "sha256:e920276dd6813095e9377c0bc5566d94c932c33b27a3e3945d8389c374dd4746", size = 20538, upload-time = "2025-05-15T12:30:06.134Z" },
]

[[package]]
name = "pygments"
version = "2.20.0"
source = { registry = "https://pypi.org/simple" }
sdist = { url = "https://files.pythonhosted.org/packages/c3/b2/bc9c9196916376152d655522fdcebac55e66de6603a76a02bca1b6414f6c/pygments-2.20.0.tar.gz", hash = "sha256:6757cd03768053ff99f3039c1a36d6c0aa0b263438fcab17520b30a303a82b5f", size = 4955991, upload-time = "2026-03-29T13:29:33.898Z" }
wheels = [
    { url = "https://files.pythonhosted.org/packages/f4/7e/a72dd26f3b0f4f2bf1dd8923c85f7ceb43172af56d63c7383eb62b332364/pygments-2.20.0-py3-none-any.whl", hash = "sha256:81a9e26dd42fd28a23a2d169d86d7ac03b46e2f8b59ed4698fb4785f946d0176", size = 1231151, upload-time = "2026-03-29T13:29:30.038Z" },
]

[[package]]
name = "pytest"
version = "9.1.1"
source = { registry = "https://pypi.org/simple" }
dependencies = [
    { name = "colorama", marker = "sys_platform == 'win32'" },
    { name = "iniconfig" },
    { name = "packaging" },
    { name = "pluggy" },
    { name = "pygments" },
]
sdist = { url = "https://files.pythonhosted.org/packages/e4/47/b9efed96c114afcfa3c9d3fe98a76a1d14c74a9e266d397cf6eb64be5e01/pytest-9.1.1.tar.gz", hash = "sha256:1088fbde8f2b49d95a549a195707afa7a76a3ce9bcadc26b6d71f0ffda5fe313", size = 1636369, upload-time = "2026-06-19T10:58:32.857Z" }
wheels = [
    { url = "https://files.pythonhosted.org/packages/24/25/1de2678b631f5a49215c6c96fff41ba892b0a34df68d6d80292b1b48aa7f/pytest-9.1.1-py3-none-any.whl", hash = "sha256:37a86b45efb9a47a61a36449063e8e18d0cab3161329fc099eb21783169c4f0c", size = 386536, upload-time = "2026-06-19T10:58:31.347Z" },
]

[[package]]
name = "worksisyphus"
version = "2.1.0"
source = { editable = "." }
dependencies = [
    { name = "libsql-experimental" },
]

[package.dev-dependencies]
dev = [
    { name = "pytest" },
]

[package.metadata]
requires-dist = [{ name = "libsql-experimental", specifier = ">=0.0.55" }]

[package.metadata.requires-dev]
dev = [{ name = "pytest", specifier = ">=8.0" }]
